
Microsoft Visual Studio Solution File, Format Version 12.00
# Visual Studio Version 17
VisualStudioVersion = 17.9.34622.214
MinimumVisualStudioVersion = 10.0.40219.1
Project("{E24C65DC-7377-472B-9ABA-BC803B73C61A}") = "Grocery Shop(1)", "..\..\..\Documents\Grocery Shop\", "{066CC5E5-3A37-4661-B3BF-D43794B595DB}"
	ProjectSection(WebsiteProperties) = preProject
		TargetFrameworkMoniker = ".NETFramework,Version%3Dv4.8"
		Debug.AspNetCompiler.VirtualPath = "/localhost_65512"
		Debug.AspNetCompiler.PhysicalPath = "..\..\..\Documents\Grocery Shop\"
		Debug.AspNetCompiler.TargetPath = "PrecompiledWeb\localhost_65512\"
		Debug.AspNetCompiler.Updateable = "true"
		Debug.AspNetCompiler.ForceOverwrite = "true"
		Debug.AspNetCompiler.FixedNames = "false"
		Debug.AspNetCompiler.Debug = "True"
		Release.AspNetCompiler.VirtualPath = "/localhost_65512"
		Release.AspNetCompiler.PhysicalPath = "..\..\..\Documents\Grocery Shop\"
		Release.AspNetCompiler.TargetPath = "PrecompiledWeb\localhost_65512\"
		Release.AspNetCompiler.Updateable = "true"
		Release.AspNetCompiler.ForceOverwrite = "true"
		Release.AspNetCompiler.FixedNames = "false"
		Release.AspNetCompiler.Debug = "False"
		VWDPort = "65512"
		SlnRelativePath = "..\..\..\Documents\Grocery Shop\"
	EndProjectSection
EndProject
Global
	GlobalSection(SolutionConfigurationPlatforms) = preSolution
		Debug|Any CPU = Debug|Any CPU
	EndGlobalSection
	GlobalSection(ProjectConfigurationPlatforms) = postSolution
		{066CC5E5-3A37-4661-B3BF-D43794B595DB}.Debug|Any CPU.ActiveCfg = Debug|Any CPU
		{066CC5E5-3A37-4661-B3BF-D43794B595DB}.Debug|Any CPU.Build.0 = Debug|Any CPU
	EndGlobalSection
	GlobalSection(SolutionProperties) = preSolution
		HideSolutionNode = FALSE
	EndGlobalSection
	GlobalSection(ExtensibilityGlobals) = postSolution
		SolutionGuid = {07EECFA5-3B0F-448E-B95D-ADB52D8D7290}
	EndGlobalSection
EndGlobal
